
Microsoft Visual Studio Solution File, Format Version 12.00
# Visual Studio Version 17
VisualStudioVersion = 17.2.32519.379
MinimumVisualStudioVersion = 10.0.40219.1
Project("{9A19103F-16F7-4668-BE54-9A1E7A4F7556}") = "PlataformaCursos", "PlataformaCursos.csproj", "{541B0C78-273C-4B60-9CB8-AE3115276BF4}"
EndProject
Global
	GlobalSection(SolutionConfigurationPlatforms) = preSolution
		Debug|Any CPU = Debug|Any CPU
		Release|Any CPU = Release|Any CPU
	EndGlobalSection
	GlobalSection(ProjectConfigurationPlatforms) = postSolution
		{541B0C78-273C-4B60-9CB8-AE3115276BF4}.Debug|Any CPU.ActiveCfg = Debug|Any CPU
		{541B0C78-273C-4B60-9CB8-AE3115276BF4}.Debug|Any CPU.Build.0 = Debug|Any CPU
		{541B0C78-273C-4B60-9CB8-AE3115276BF4}.Release|Any CPU.ActiveCfg = Release|Any CPU
		{541B0C78-273C-4B60-9CB8-AE3115276BF4}.Release|Any CPU.Build.0 = Release|Any CPU
	EndGlobalSection
	GlobalSection(SolutionProperties) = preSolution
		HideSolutionNode = FALSE
	EndGlobalSection
	GlobalSection(ExtensibilityGlobals) = postSolution
		SolutionGuid = {8BC67ED8-86FA-4696-A1D1-35CD97A26D8C}
	EndGlobalSection
EndGlobal
